
Microsoft Visual Studio Solution File, Format Version 12.00
# Visual Studio Version 16
VisualStudioVersion = 16.0.31205.134
MinimumVisualStudioVersion = 10.0.40219.1
Project("{FAE04EC0-301F-11D3-BF4B-00C04F79EFBC}") = "RazorPagesMovie6", "RazorPagesMovie6\RazorPagesMovie6.csproj", "{39690A3A-64E2-4EA5-8B6B-22B90B701568}"
EndProject
Global
	GlobalSection(SolutionConfigurationPlatforms) = preSolution
		Debug|Any CPU = Debug|Any CPU
		Release|Any CPU = Release|Any CPU
	EndGlobalSection
	GlobalSection(ProjectConfigurationPlatforms) = postSolution
		{39690A3A-64E2-4EA5-8B6B-22B90B701568}.Debug|Any CPU.ActiveCfg = Debug|Any CPU
		{39690A3A-64E2-4EA5-8B6B-22B90B701568}.Debug|Any CPU.Build.0 = Debug|Any CPU
		{39690A3A-64E2-4EA5-8B6B-22B90B701568}.Release|Any CPU.ActiveCfg = Release|Any CPU
		{39690A3A-64E2-4EA5-8B6B-22B90B701568}.Release|Any CPU.Build.0 = Release|Any CPU
	EndGlobalSection
	GlobalSection(SolutionProperties) = preSolution
		HideSolutionNode = FALSE
	EndGlobalSection
	GlobalSection(ExtensibilityGlobals) = postSolution
		SolutionGuid = {D0157CC4-9372-46CB-91DF-E0FA355CD555}
	EndGlobalSection
EndGlobal
